// !$*UTF8*$!
{
	archiveVersion = 1;
	classes = {
	};
	objectVersion = 46;
	objects = {

/* Begin PBXBuildFile section */
		F16493A81A81A25A00CDDABE /* main.m in Sources */ = {isa = PBXBuildFile; fileRef = F16493A71A81A25A00CDDABE /* main.m */; };
		F16493AB1A81A25A00CDDABE /* AppDelegate.m in Sources */ = {isa = PBXBuildFile; fileRef = F16493AA1A81A25A00CDDABE /* AppDelegate.m */; };
		F16493B31A81A25A00CDDABE /* Images.xcassets in Resources */ = {isa = PBXBuildFile; fileRef = F16493B21A81A25A00CDDABE /* Images.xcassets */; };
		F16493C21A81A25A00CDDABE /* FSQCellManifestExampleTests.m in Sources */ = {isa = PBXBuildFile; fileRef = F16493C11A81A25A00CDDABE /* FSQCellManifestExampleTests.m */; };
		F16493CD1A81A2BA00CDDABE /* FSQExampleManifestTableViewController.m in Sources */ = {isa = PBXBuildFile; fileRef = F16493CC1A81A2BA00CDDABE /* FSQExampleManifestTableViewController.m */; };
		F16493D81A81A31E00CDDABE /* FSQCellManifest.m in Sources */ = {isa = PBXBuildFile; fileRef = F16493D01A81A31E00CDDABE /* FSQCellManifest.m */; };
		F16493D91A81A31E00CDDABE /* FSQCellRecord.m in Sources */ = {isa = PBXBuildFile; fileRef = F16493D31A81A31E00CDDABE /* FSQCellRecord.m */; };
		F16493DA1A81A31E00CDDABE /* FSQMessageForwarder.m in Sources */ = {isa = PBXBuildFile; fileRef = F16493D51A81A31E00CDDABE /* FSQMessageForwarder.m */; };
		F16493DB1A81A31E00CDDABE /* FSQSectionRecord.m in Sources */ = {isa = PBXBuildFile; fileRef = F16493D71A81A31E00CDDABE /* FSQSectionRecord.m */; };
		F16493DE1A81A44900CDDABE /* FSQExampleUserModel.m in Sources */ = {isa = PBXBuildFile; fileRef = F16493DD1A81A44900CDDABE /* FSQExampleUserModel.m */; };
		F16493E11A81A89500CDDABE /* FSQExampleUserTableViewCell.m in Sources */ = {isa = PBXBuildFile; fileRef = F16493E01A81A89500CDDABE /* FSQExampleUserTableViewCell.m */; };
/* End PBXBuildFile section */

/* Begin PBXContainerItemProxy section */
		F16493BC1A81A25A00CDDABE /* PBXContainerItemProxy */ = {
			isa = PBXContainerItemProxy;
			containerPortal = F164939A1A81A25A00CDDABE /* Project object */;
			proxyType = 1;
			remoteGlobalIDString = F16493A11A81A25A00CDDABE;
			remoteInfo = FSQCellManifestExample;
		};
/* End PBXContainerItemProxy section */

/* Begin PBXFileReference section */
		F16493A21A81A25A00CDDABE /* FSQCellManifestExample.app */ = {isa = PBXFileReference; explicitFileType = wrapper.application; includeInIndex = 0; path = FSQCellManifestExample.app; sourceTree = BUILT_PRODUCTS_DIR; };
		F16493A61A81A25A00CDDABE /* Info.plist */ = {isa = PBXFileReference; lastKnownFileType = text.plist.xml; path = Info.plist; sourceTree = "<group>"; };
		F16493A71A81A25A00CDDABE /* main.m */ = {isa = PBXFileReference; lastKnownFileType = sourcecode.c.objc; path = main.m; sourceTree = "<group>"; };
		F16493A91A81A25A00CDDABE /* AppDelegate.h */ = {isa = PBXFileReference; lastKnownFileType = sourcecode.c.h; path = AppDelegate.h; sourceTree = "<group>"; };
		F16493AA1A81A25A00CDDABE /* AppDelegate.m */ = {isa = PBXFileReference; lastKnownFileType = sourcecode.c.objc; path = AppDelegate.m; sourceTree = "<group>"; };
		F16493B21A81A25A00CDDABE /* Images.xcassets */ = {isa = PBXFileReference; lastKnownFileType = folder.assetcatalog; path = Images.xcassets; sourceTree = "<group>"; };
		F16493BB1A81A25A00CDDABE /* FSQCellManifestExampleTests.xctest */ = {isa = PBXFileReference; explicitFileType = wrapper.cfbundle; includeInIndex = 0; path = FSQCellManifestExampleTests.xctest; sourceTree = BUILT_PRODUCTS_DIR; };
		F16493C01A81A25A00CDDABE /* Info.plist */ = {isa = PBXFileReference; lastKnownFileType = text.plist.xml; path = Info.plist; sourceTree = "<group>"; };
		F16493C11A81A25A00CDDABE /* FSQCellManifestExampleTests.m */ = {isa = PBXFileReference; lastKnownFileType = sourcecode.c.objc; path = FSQCellManifestExampleTests.m; sourceTree = "<group>"; };
		F16493CB1A81A2BA00CDDABE /* FSQExampleManifestTableViewController.h */ = {isa = PBXFileReference; fileEncoding = 4; lastKnownFileType = sourcecode.c.h; path = FSQExampleManifestTableViewController.h; sourceTree = "<group>"; };
		F16493CC1A81A2BA00CDDABE /* FSQExampleManifestTableViewController.m */ = {isa = PBXFileReference; fileEncoding = 4; lastKnownFileType = sourcecode.c.objc; path = FSQExampleManifestTableViewController.m; sourceTree = "<group>"; };
		F16493CF1A81A31E00CDDABE /* FSQCellManifest.h */ = {isa = PBXFileReference; fileEncoding = 4; lastKnownFileType = sourcecode.c.h; name = FSQCellManifest.h; path = ../../FSQCellManifest.h; sourceTree = "<group>"; };
		F16493D01A81A31E00CDDABE /* FSQCellManifest.m */ = {isa = PBXFileReference; fileEncoding = 4; lastKnownFileType = sourcecode.c.objc; name = FSQCellManifest.m; path = ../../FSQCellManifest.m; sourceTree = "<group>"; };
		F16493D11A81A31E00CDDABE /* FSQCellManifestProtocols.h */ = {isa = PBXFileReference; fileEncoding = 4; lastKnownFileType = sourcecode.c.h; name = FSQCellManifestProtocols.h; path = ../../FSQCellManifestProtocols.h; sourceTree = "<group>"; };
		F16493D21A81A31E00CDDABE /* FSQCellRecord.h */ = {isa = PBXFileReference; fileEncoding = 4; lastKnownFileType = sourcecode.c.h; name = FSQCellRecord.h; path = ../../FSQCellRecord.h; sourceTree = "<group>"; };
		F16493D31A81A31E00CDDABE /* FSQCellRecord.m */ = {isa = PBXFileReference; fileEncoding = 4; lastKnownFileType = sourcecode.c.objc; name = FSQCellRecord.m; path = ../../FSQCellRecord.m; sourceTree = "<group>"; };
		F16493D41A81A31E00CDDABE /* FSQMessageForwarder.h */ = {isa = PBXFileReference; fileEncoding = 4; lastKnownFileType = sourcecode.c.h; name = FSQMessageForwarder.h; path = ../../FSQMessageForwarder.h; sourceTree = "<group>"; };
		F16493D51A81A31E00CDDABE /* FSQMessageForwarder.m */ = {isa = PBXFileReference; fileEncoding = 4; lastKnownFileType = sourcecode.c.objc; name = FSQMessageForwarder.m; path = ../../FSQMessageForwarder.m; sourceTree = "<group>"; };
		F16493D61A81A31E00CDDABE /* FSQSectionRecord.h */ = {isa = PBXFileReference; fileEncoding = 4; lastKnownFileType = sourcecode.c.h; name = FSQSectionRecord.h; path = ../../FSQSectionRecord.h; sourceTree = "<group>"; };
		F16493D71A81A31E00CDDABE /* FSQSectionRecord.m */ = {isa = PBXFileReference; fileEncoding = 4; lastKnownFileType = sourcecode.c.objc; name = FSQSectionRecord.m; path = ../../FSQSectionRecord.m; sourceTree = "<group>"; };
		F16493DC1A81A44900CDDABE /* FSQExampleUserModel.h */ = {isa = PBXFileReference; fileEncoding = 4; lastKnownFileType = sourcecode.c.h; path = FSQExampleUserModel.h; sourceTree = "<group>"; };
		F16493DD1A81A44900CDDABE /* FSQExampleUserModel.m */ = {isa = PBXFileReference; fileEncoding = 4; lastKnownFileType = sourcecode.c.objc; path = FSQExampleUserModel.m; sourceTree = "<group>"; };
		F16493DF1A81A89500CDDABE /* FSQExampleUserTableViewCell.h */ = {isa = PBXFileReference; fileEncoding = 4; lastKnownFileType = sourcecode.c.h; path = FSQExampleUserTableViewCell.h; sourceTree = "<group>"; };
		F16493E01A81A89500CDDABE /* FSQExampleUserTableViewCell.m */ = {isa = PBXFileReference; fileEncoding = 4; lastKnownFileType = sourcecode.c.objc; path = FSQExampleUserTableViewCell.m; sourceTree = "<group>"; };
/* End PBXFileReference section */

/* Begin PBXFrameworksBuildPhase section */
		F164939F1A81A25A00CDDABE /* Frameworks */ = {
			isa = PBXFrameworksBuildPhase;
			buildActionMask = 2147483647;
			files = (
			);
			runOnlyForDeploymentPostprocessing = 0;
		};
		F16493B81A81A25A00CDDABE /* Frameworks */ = {
			isa = PBXFrameworksBuildPhase;
			buildActionMask = 2147483647;
			files = (
			);
			runOnlyForDeploymentPostprocessing = 0;
		};
/* End PBXFrameworksBuildPhase section */

/* Begin PBXGroup section */
		F16493991A81A25A00CDDABE = {
			isa = PBXGroup;
			children = (
				F16493A41A81A25A00CDDABE /* FSQCellManifestExample */,
				F16493BE1A81A25A00CDDABE /* FSQCellManifestExampleTests */,
				F16493A31A81A25A00CDDABE /* Products */,
			);
			sourceTree = "<group>";
		};
		F16493A31A81A25A00CDDABE /* Products */ = {
			isa = PBXGroup;
			children = (
				F16493A21A81A25A00CDDABE /* FSQCellManifestExample.app */,
				F16493BB1A81A25A00CDDABE /* FSQCellManifestExampleTests.xctest */,
			);
			name = Products;
			sourceTree = "<group>";
		};
		F16493A41A81A25A00CDDABE /* FSQCellManifestExample */ = {
			isa = PBXGroup;
			children = (
				F16493A91A81A25A00CDDABE /* AppDelegate.h */,
				F16493AA1A81A25A00CDDABE /* AppDelegate.m */,
				F16493CB1A81A2BA00CDDABE /* FSQExampleManifestTableViewController.h */,
				F16493CC1A81A2BA00CDDABE /* FSQExampleManifestTableViewController.m */,
				F16493DC1A81A44900CDDABE /* FSQExampleUserModel.h */,
				F16493DD1A81A44900CDDABE /* FSQExampleUserModel.m */,
				F16493DF1A81A89500CDDABE /* FSQExampleUserTableViewCell.h */,
				F16493E01A81A89500CDDABE /* FSQExampleUserTableViewCell.m */,
				F16493CE1A81A30900CDDABE /* FSQCellManifest */,
				F16493B21A81A25A00CDDABE /* Images.xcassets */,
				F16493A51A81A25A00CDDABE /* Supporting Files */,
			);
			path = FSQCellManifestExample;
			sourceTree = "<group>";
		};
		F16493A51A81A25A00CDDABE /* Supporting Files */ = {
			isa = PBXGroup;
			children = (
				F16493A61A81A25A00CDDABE /* Info.plist */,
				F16493A71A81A25A00CDDABE /* main.m */,
			);
			name = "Supporting Files";
			sourceTree = "<group>";
		};
		F16493BE1A81A25A00CDDABE /* FSQCellManifestExampleTests */ = {
			isa = PBXGroup;
			children = (
				F16493C11A81A25A00CDDABE /* FSQCellManifestExampleTests.m */,
				F16493BF1A81A25A00CDDABE /* Supporting Files */,
			);
			path = FSQCellManifestExampleTests;
			sourceTree = "<group>";
		};
		F16493BF1A81A25A00CDDABE /* Supporting Files */ = {
			isa = PBXGroup;
			children = (
				F16493C01A81A25A00CDDABE /* Info.plist */,
			);
			name = "Supporting Files";
			sourceTree = "<group>";
		};
		F16493CE1A81A30900CDDABE /* FSQCellManifest */ = {
			isa = PBXGroup;
			children = (
				F16493CF1A81A31E00CDDABE /* FSQCellManifest.h */,
				F16493D01A81A31E00CDDABE /* FSQCellManifest.m */,
				F16493D11A81A31E00CDDABE /* FSQCellManifestProtocols.h */,
				F16493D61A81A31E00CDDABE /* FSQSectionRecord.h */,
				F16493D71A81A31E00CDDABE /* FSQSectionRecord.m */,
				F16493D21A81A31E00CDDABE /* FSQCellRecord.h */,
				F16493D31A81A31E00CDDABE /* FSQCellRecord.m */,
				F16493D41A81A31E00CDDABE /* FSQMessageForwarder.h */,
				F16493D51A81A31E00CDDABE /* FSQMessageForwarder.m */,
			);
			name = FSQCellManifest;
			sourceTree = "<group>";
		};
/* End PBXGroup section */

/* Begin PBXNativeTarget section */
		F16493A11A81A25A00CDDABE /* FSQCellManifestExample */ = {
			isa = PBXNativeTarget;
			buildConfigurationList = F16493C51A81A25A00CDDABE /* Build configuration list for PBXNativeTarget "FSQCellManifestExample" */;
			buildPhases = (
				F164939E1A81A25A00CDDABE /* Sources */,
				F164939F1A81A25A00CDDABE /* Frameworks */,
				F16493A01A81A25A00CDDABE /* Resources */,
			);
			buildRules = (
			);
			dependencies = (
			);
			name = FSQCellManifestExample;
			productName = FSQCellManifestExample;
			productReference = F16493A21A81A25A00CDDABE /* FSQCellManifestExample.app */;
			productType = "com.apple.product-type.application";
		};
		F16493BA1A81A25A00CDDABE /* FSQCellManifestExampleTests */ = {
			isa = PBXNativeTarget;
			buildConfigurationList = F16493C81A81A25A00CDDABE /* Build configuration list for PBXNativeTarget "FSQCellManifestExampleTests" */;
			buildPhases = (
				F16493B71A81A25A00CDDABE /* Sources */,
				F16493B81A81A25A00CDDABE /* Frameworks */,
				F16493B91A81A25A00CDDABE /* Resources */,
			);
			buildRules = (
			);
			dependencies = (
				F16493BD1A81A25A00CDDABE /* PBXTargetDependency */,
			);
			name = FSQCellManifestExampleTests;
			productName = FSQCellManifestExampleTests;
			productReference = F16493BB1A81A25A00CDDABE /* FSQCellManifestExampleTests.xctest */;
			productType = "com.apple.product-type.bundle.unit-test";
		};
/* End PBXNativeTarget section */

/* Begin PBXProject section */
		F164939A1A81A25A00CDDABE /* Project object */ = {
			isa = PBXProject;
			attributes = {
				LastUpgradeCheck = 0610;
				ORGANIZATIONNAME = Foursquare;
				TargetAttributes = {
					F16493A11A81A25A00CDDABE = {
						CreatedOnToolsVersion = 6.1.1;
					};
					F16493BA1A81A25A00CDDABE = {
						CreatedOnToolsVersion = 6.1.1;
						TestTargetID = F16493A11A81A25A00CDDABE;
					};
				};
			};
			buildConfigurationList = F164939D1A81A25A00CDDABE /* Build configuration list for PBXProject "FSQCellManifestExample" */;
			compatibilityVersion = "Xcode 3.2";
			developmentRegion = English;
			hasScannedForEncodings = 0;
			knownRegions = (
				en,
				Base,
			);
			mainGroup = F16493991A81A25A00CDDABE;
			productRefGroup = F16493A31A81A25A00CDDABE /* Products */;
			projectDirPath = "";
			projectRoot = "";
			targets = (
				F16493A11A81A25A00CDDABE /* FSQCellManifestExample */,
				F16493BA1A81A25A00CDDABE /* FSQCellManifestExampleTests */,
			);
		};
/* End PBXProject section */

/* Begin PBXResourcesBuildPhase section */
		F16493A01A81A25A00CDDABE /* Resources */ = {
			isa = PBXResourcesBuildPhase;
			buildActionMask = 2147483647;
			files = (
				F16493B31A81A25A00CDDABE /* Images.xcassets in Resources */,
			);
			runOnlyForDeploymentPostprocessing = 0;
		};
		F16493B91A81A25A00CDDABE /* Resources */ = {
			isa = PBXResourcesBuildPhase;
			buildActionMask = 2147483647;
			files = (
			);
			runOnlyForDeploymentPostprocessing = 0;
		};
/* End PBXResourcesBuildPhase section */

/* Begin PBXSourcesBuildPhase section */
		F164939E1A81A25A00CDDABE /* Sources */ = {
			isa = PBXSourcesBuildPhase;
			buildActionMask = 2147483647;
			files = (
				F16493AB1A81A25A00CDDABE /* AppDelegate.m in Sources */,
				F16493DB1A81A31E00CDDABE /* FSQSectionRecord.m in Sources */,
				F16493DA1A81A31E00CDDABE /* FSQMessageForwarder.m in Sources */,
				F16493D81A81A31E00CDDABE /* FSQCellManifest.m in Sources */,
				F16493D91A81A31E00CDDABE /* FSQCellRecord.m in Sources */,
				F16493CD1A81A2BA00CDDABE /* FSQExampleManifestTableViewController.m in Sources */,
				F16493DE1A81A44900CDDABE /* FSQExampleUserModel.m in Sources */,
				F16493E11A81A89500CDDABE /* FSQExampleUserTableViewCell.m in Sources */,
				F16493A81A81A25A00CDDABE /* main.m in Sources */,
			);
			runOnlyForDeploymentPostprocessing = 0;
		};
		F16493B71A81A25A00CDDABE /* Sources */ = {
			isa = PBXSourcesBuildPhase;
			buildActionMask = 2147483647;
			files = (
				F16493C21A81A25A00CDDABE /* FSQCellManifestExampleTests.m in Sources */,
			);
			runOnlyForDeploymentPostprocessing = 0;
		};
/* End PBXSourcesBuildPhase section */

/* Begin PBXTargetDependency section */
		F16493BD1A81A25A00CDDABE /* PBXTargetDependency */ = {
			isa = PBXTargetDependency;
			target = F16493A11A81A25A00CDDABE /* FSQCellManifestExample */;
			targetProxy = F16493BC1A81A25A00CDDABE /* PBXContainerItemProxy */;
		};
/* End PBXTargetDependency section */

/* Begin XCBuildConfiguration section */
		F16493C31A81A25A00CDDABE /* Debug */ = {
			isa = XCBuildConfiguration;
			buildSettings = {
				ALWAYS_SEARCH_USER_PATHS = NO;
				CLANG_CXX_LANGUAGE_STANDARD = "gnu++0x";
				CLANG_CXX_LIBRARY = "libc++";
				CLANG_ENABLE_MODULES = YES;
				CLANG_ENABLE_OBJC_ARC = YES;
				CLANG_WARN_BOOL_CONVERSION = YES;
				CLANG_WARN_CONSTANT_CONVERSION = YES;
				CLANG_WARN_DIRECT_OBJC_ISA_USAGE = YES_ERROR;
				CLANG_WARN_EMPTY_BODY = YES;
				CLANG_WARN_ENUM_CONVERSION = YES;
				CLANG_WARN_INT_CONVERSION = YES;
				CLANG_WARN_OBJC_ROOT_CLASS = YES_ERROR;
				CLANG_WARN_UNREACHABLE_CODE = YES;
				CLANG_WARN__DUPLICATE_METHOD_MATCH = YES;
				"CODE_SIGN_IDENTITY[sdk=iphoneos*]" = "iPhone Developer";
				COPY_PHASE_STRIP = NO;
				ENABLE_STRICT_OBJC_MSGSEND = YES;
				GCC_C_LANGUAGE_STANDARD = gnu99;
				GCC_DYNAMIC_NO_PIC = NO;
				GCC_OPTIMIZATION_LEVEL = 0;
				GCC_PREPROCESSOR_DEFINITIONS = (
					"DEBUG=1",
					"$(inherited)",
				);
				GCC_SYMBOLS_PRIVATE_EXTERN = NO;
				GCC_WARN_64_TO_32_BIT_CONVERSION = YES;
				GCC_WARN_ABOUT_RETURN_TYPE = YES_ERROR;
				GCC_WARN_UNDECLARED_SELECTOR = YES;
				GCC_WARN_UNINITIALIZED_AUTOS = YES_AGGRESSIVE;
				GCC_WARN_UNUSED_FUNCTION = YES;
				GCC_WARN_UNUSED_VARIABLE = YES;
				IPHONEOS_DEPLOYMENT_TARGET = 8.1;
				MTL_ENABLE_DEBUG_INFO = YES;
				ONLY_ACTIVE_ARCH = YES;
				SDKROOT = iphoneos;
			};
			name = Debug;
		};
		F16493C41A81A25A00CDDABE /* Release */ = {
			isa = XCBuildConfiguration;
			buildSettings = {
				ALWAYS_SEARCH_USER_PATHS = NO;
				CLANG_CXX_LANGUAGE_STANDARD = "gnu++0x";
				CLANG_CXX_LIBRARY = "libc++";
				CLANG_ENABLE_MODULES = YES;
				CLANG_ENABLE_OBJC_ARC = YES;
				CLANG_WARN_BOOL_CONVERSION = YES;
				CLANG_WARN_CONSTANT_CONVERSION = YES;
				CLANG_WARN_DIRECT_OBJC_ISA_USAGE = YES_ERROR;
				CLANG_WARN_EMPTY_BODY = YES;
				CLANG_WARN_ENUM_CONVERSION = YES;
				CLANG_WARN_INT_CONVERSION = YES;
				CLANG_WARN_OBJC_ROOT_CLASS = YES_ERROR;
				CLANG_WARN_UNREACHABLE_CODE = YES;
				CLANG_WARN__DUPLICATE_METHOD_MATCH = YES;
				"CODE_SIGN_IDENTITY[sdk=iphoneos*]" = "iPhone Developer";
				COPY_PHASE_STRIP = YES;
				ENABLE_NS_ASSERTIONS = NO;
				ENABLE_STRICT_OBJC_MSGSEND = YES;
				GCC_C_LANGUAGE_STANDARD = gnu99;
				GCC_WARN_64_TO_32_BIT_CONVERSION = YES;
				GCC_WARN_ABOUT_RETURN_TYPE = YES_ERROR;
				GCC_WARN_UNDECLARED_SELECTOR = YES;
				GCC_WARN_UNINITIALIZED_AUTOS = YES_AGGRESSIVE;
				GCC_WARN_UNUSED_FUNCTION = YES;
				GCC_WARN_UNUSED_VARIABLE = YES;
				IPHONEOS_DEPLOYMENT_TARGET = 8.1;
				MTL_ENABLE_DEBUG_INFO = NO;
				SDKROOT = iphoneos;
				VALIDATE_PRODUCT = YES;
			};
			name = Release;
		};
		F16493C61A81A25A00CDDABE /* Debug */ = {
			isa = XCBuildConfiguration;
			buildSettings = {
				ASSETCATALOG_COMPILER_APPICON_NAME = AppIcon;
				INFOPLIST_FILE = FSQCellManifestExample/Info.plist;
				IPHONEOS_DEPLOYMENT_TARGET = 7.0;
				LD_RUNPATH_SEARCH_PATHS = "$(inherited) @executable_path/Frameworks";
				PRODUCT_NAME = "$(TARGET_NAME)";
			};
			name = Debug;
		};
		F16493C71A81A25A00CDDABE /* Release */ = {
			isa = XCBuildConfiguration;
			buildSettings = {
				ASSETCATALOG_COMPILER_APPICON_NAME = AppIcon;
				INFOPLIST_FILE = FSQCellManifestExample/Info.plist;
				IPHONEOS_DEPLOYMENT_TARGET = 7.0;
				LD_RUNPATH_SEARCH_PATHS = "$(inherited) @executable_path/Frameworks";
				PRODUCT_NAME = "$(TARGET_NAME)";
			};
			name = Release;
		};
		F16493C91A81A25A00CDDABE /* Debug */ = {
			isa = XCBuildConfiguration;
			buildSettings = {
				BUNDLE_LOADER = "$(TEST_HOST)";
				FRAMEWORK_SEARCH_PATHS = (
					"$(SDKROOT)/Developer/Library/Frameworks",
					"$(inherited)",
				);
				GCC_PREPROCESSOR_DEFINITIONS = (
					"DEBUG=1",
					"$(inherited)",
				);
				INFOPLIST_FILE = FSQCellManifestExampleTests/Info.plist;
				LD_RUNPATH_SEARCH_PATHS = "$(inherited) @executable_path/Frameworks @loader_path/Frameworks";
				PRODUCT_NAME = "$(TARGET_NAME)";
				TEST_HOST = "$(BUILT_PRODUCTS_DIR)/FSQCellManifestExample.app/FSQCellManifestExample";
			};
			name = Debug;
		};
		F16493CA1A81A25A00CDDABE /* Release */ = {
			isa = XCBuildConfiguration;
			buildSettings = {
				BUNDLE_LOADER = "$(TEST_HOST)";
				FRAMEWORK_SEARCH_PATHS = (
					"$(SDKROOT)/Developer/Library/Frameworks",
					"$(inherited)",
				);
				INFOPLIST_FILE = FSQCellManifestExampleTests/Info.plist;
				LD_RUNPATH_SEARCH_PATHS = "$(inherited) @executable_path/Frameworks @loader_path/Frameworks";
				PRODUCT_NAME = "$(TARGET_NAME)";
				TEST_HOST = "$(BUILT_PRODUCTS_DIR)/FSQCellManifestExample.app/FSQCellManifestExample";
			};
			name = Release;
		};
/* End XCBuildConfiguration section */

/* Begin XCConfigurationList section */
		F164939D1A81A25A00CDDABE /* Build configuration list for PBXProject "FSQCellManifestExample" */ = {
			isa = XCConfigurationList;
			buildConfigurations = (
				F16493C31A81A25A00CDDABE /* Debug */,
				F16493C41A81A25A00CDDABE /* Release */,
			);
			defaultConfigurationIsVisible = 0;
			defaultConfigurationName = Release;
		};
		F16493C51A81A25A00CDDABE /* Build configuration list for PBXNativeTarget "FSQCellManifestExample" */ = {
			isa = XCConfigurationList;
			buildConfigurations = (
				F16493C61A81A25A00CDDABE /* Debug */,
				F16493C71A81A25A00CDDABE /* Release */,
			);
			defaultConfigurationIsVisible = 0;
			defaultConfigurationName = Release;
		};
		F16493C81A81A25A00CDDABE /* Build configuration list for PBXNativeTarget "FSQCellManifestExampleTests" */ = {
			isa = XCConfigurationList;
			buildConfigurations = (
				F16493C91A81A25A00CDDABE /* Debug */,
				F16493CA1A81A25A00CDDABE /* Release */,
			);
			defaultConfigurationIsVisible = 0;
			defaultConfigurationName = Release;
		};
/* End XCConfigurationList section */
	};
	rootObject = F164939A1A81A25A00CDDABE /* Project object */;
}
